
Microsoft Visual Studio Solution File, Format Version 12.00
Project("{FAE04EC0-301F-11D3-BF4B-00C04F79EFBC}") = "MockStubTAU", "MockStubTAU\MockStubTAU.csproj", "{D538D1D7-CDA8-45FD-8CFF-C51E644808A8}"
EndProject
Project("{FAE04EC0-301F-11D3-BF4B-00C04F79EFBC}") = "Calculator", "Calculator\Calculator.csproj", "{030889C9-8D83-4D77-AA2D-E967E5502216}"
EndProject
Global
	GlobalSection(SolutionConfigurationPlatforms) = preSolution
		Debug|Any CPU = Debug|Any CPU
		Release|Any CPU = Release|Any CPU
	EndGlobalSection
	GlobalSection(ProjectConfigurationPlatforms) = postSolution
		{D538D1D7-CDA8-45FD-8CFF-C51E644808A8}.Debug|Any CPU.ActiveCfg = Debug|Any CPU
		{D538D1D7-CDA8-45FD-8CFF-C51E644808A8}.Debug|Any CPU.Build.0 = Debug|Any CPU
		{D538D1D7-CDA8-45FD-8CFF-C51E644808A8}.Release|Any CPU.ActiveCfg = Release|Any CPU
		{D538D1D7-CDA8-45FD-8CFF-C51E644808A8}.Release|Any CPU.Build.0 = Release|Any CPU
		{030889C9-8D83-4D77-AA2D-E967E5502216}.Debug|Any CPU.ActiveCfg = Debug|Any CPU
		{030889C9-8D83-4D77-AA2D-E967E5502216}.Debug|Any CPU.Build.0 = Debug|Any CPU
		{030889C9-8D83-4D77-AA2D-E967E5502216}.Release|Any CPU.ActiveCfg = Release|Any CPU
		{030889C9-8D83-4D77-AA2D-E967E5502216}.Release|Any CPU.Build.0 = Release|Any CPU
	EndGlobalSection
EndGlobal
