
Microsoft Visual Studio Solution File, Format Version 12.00
Project("{FAE04EC0-301F-11D3-BF4B-00C04F79EFBC}") = "PlaywrightExample", "PlaywrightExample.csproj", "{23ADCE16-5EE5-4FCB-92EA-5A6CE36490BB}"
EndProject
Global
	GlobalSection(SolutionConfigurationPlatforms) = preSolution
		Debug|Any CPU = Debug|Any CPU
		Release|Any CPU = Release|Any CPU
	EndGlobalSection
	GlobalSection(ProjectConfigurationPlatforms) = postSolution
		{23ADCE16-5EE5-4FCB-92EA-5A6CE36490BB}.Debug|Any CPU.ActiveCfg = Debug|Any CPU
		{23ADCE16-5EE5-4FCB-92EA-5A6CE36490BB}.Debug|Any CPU.Build.0 = Debug|Any CPU
		{23ADCE16-5EE5-4FCB-92EA-5A6CE36490BB}.Release|Any CPU.ActiveCfg = Release|Any CPU
		{23ADCE16-5EE5-4FCB-92EA-5A6CE36490BB}.Release|Any CPU.Build.0 = Release|Any CPU
	EndGlobalSection
EndGlobal
